{
  "originHash" : "c488314358ec870efe668e5a1929a639f8ec5b48184a1dbfe803c19badfba52e",
  "pins" : [
    {
      "identity" : "swift-domain-type",
      "kind" : "remoteSourceControl",
      "location" : "https://github.com/coenttb/swift-domain-type",
      "state" : {
        "revision" : "8717b1938bcda8be8dbfff2ce2bee64613b065ee",
        "version" : "0.0.1"
      }
    },
    {
      "identity" : "swift-rfc-1035",
      "kind" : "remoteSourceControl",
      "location" : "https://github.com/swift-web-standards/swift-rfc-1035.git",
      "state" : {
        "revision" : "95e9ca2e3f3ec303978e8cd18013e02b7d0f8a62",
        "version" : "0.0.1"
      }
    },
    {
      "identity" : "swift-rfc-1123",
      "kind" : "remoteSourceControl",
      "location" : "https://github.com/swift-web-standards/swift-rfc-1123.git",
      "state" : {
        "revision" : "97b8decb5fdfc02177faa5965a95606e36373388",
        "version" : "0.0.1"
      }
    },
    {
      "identity" : "swift-rfc-5321",
      "kind" : "remoteSourceControl",
      "location" : "https://github.com/swift-web-standards/swift-rfc-5321",
      "state" : {
        "revision" : "449d9291d1d2f6dcd6793c7d4ea855db1e7b062d",
        "version" : "0.0.1"
      }
    },
    {
      "identity" : "swift-rfc-5322",
      "kind" : "remoteSourceControl",
      "location" : "https://github.com/swift-web-standards/swift-rfc-5322",
      "state" : {
        "revision" : "0d648876050103ce8e005f545f02c1f29724e9e5",
        "version" : "0.0.1"
      }
    },
    {
      "identity" : "swift-rfc-6531",
      "kind" : "remoteSourceControl",
      "location" : "https://github.com/swift-web-standards/swift-rfc-6531",
      "state" : {
        "revision" : "af0fb8259f03e5c34955ecf62c0c95cb61019907",
        "version" : "0.0.1"
      }
    }
  ],
  "version" : 3
}
